
Microsoft Visual Studio Solution File, Format Version 12.00
# Visual Studio Version 17
VisualStudioVersion = 17.10.35122.118
MinimumVisualStudioVersion = 10.0.40219.1
Project("{FAE04EC0-301F-11D3-BF4B-00C04F79EFBC}") = "PersonalTracking", "PersonalTracking\PersonalTracking.csproj", "{DCA7F3E3-0D8A-429A-A193-0BB98C8FB66E}"
EndProject
Global
	GlobalSection(SolutionConfigurationPlatforms) = preSolution
		Debug|Any CPU = Debug|Any CPU
		Release|Any CPU = Release|Any CPU
	EndGlobalSection
	GlobalSection(ProjectConfigurationPlatforms) = postSolution
		{DCA7F3E3-0D8A-429A-A193-0BB98C8FB66E}.Debug|Any CPU.ActiveCfg = Debug|Any CPU
		{DCA7F3E3-0D8A-429A-A193-0BB98C8FB66E}.Debug|Any CPU.Build.0 = Debug|Any CPU
		{DCA7F3E3-0D8A-429A-A193-0BB98C8FB66E}.Release|Any CPU.ActiveCfg = Release|Any CPU
		{DCA7F3E3-0D8A-429A-A193-0BB98C8FB66E}.Release|Any CPU.Build.0 = Release|Any CPU
	EndGlobalSection
	GlobalSection(SolutionProperties) = preSolution
		HideSolutionNode = FALSE
	EndGlobalSection
	GlobalSection(ExtensibilityGlobals) = postSolution
		SolutionGuid = {F59B7E1C-91C3-44CF-A8D0-A6F76BA68CAA}
	EndGlobalSection
EndGlobal
